
Microsoft Visual Studio Solution File, Format Version 12.00
# Visual Studio Version 17
VisualStudioVersion = 17.10.35013.160
MinimumVisualStudioVersion = 10.0.40219.1
Project("{FAE04EC0-301F-11D3-BF4B-00C04F79EFBC}") = "C#_DERS1", "C#_DERS1\C#_DERS1.csproj", "{48DFB0A2-FBA8-4008-A1EB-04C7FBA6BF6B}"
EndProject
Project("{FAE04EC0-301F-11D3-BF4B-00C04F79EFBC}") = "ders_2", "ders_2\ders_2.csproj", "{3FCFBE36-FBAD-4F76-AAF1-2E8268471140}"
EndProject
Project("{FAE04EC0-301F-11D3-BF4B-00C04F79EFBC}") = "ders_3_kararyapilari", "ders_3_kararyapilari\ders_3_kararyapilari.csproj", "{694612B7-4BB0-4813-9201-553630BB7C00}"
EndProject
Project("{FAE04EC0-301F-11D3-BF4B-00C04F79EFBC}") = "ders_4_döngüler", "ders_4_döngüler\ders_4_döngüler.csproj", "{92319F0D-BA4D-468C-9147-EDD007E328EC}"
EndProject
Project("{FAE04EC0-301F-11D3-BF4B-00C04F79EFBC}") = "ders_5_pratikuygulamalar", "ders_5_pratikuygulamalar\ders_5_pratikuygulamalar.csproj", "{B45B818F-C0D8-4FC1-BAB7-E7D1027F3EE4}"
EndProject
Project("{FAE04EC0-301F-11D3-BF4B-00C04F79EFBC}") = "ders_6_diziler", "ders_6_diziler\ders_6_diziler.csproj", "{EBDF4F1D-DD57-4FF6-9E3F-E4244864254C}"
EndProject
Project("{FAE04EC0-301F-11D3-BF4B-00C04F79EFBC}") = "ders_7_foreachdöngüsü", "ders_7_foreachdöngüsü\ders_7_foreachdöngüsü.csproj", "{68787B96-3745-4FF0-B75A-A8F5BB7BAD2A}"
EndProject
Project("{FAE04EC0-301F-11D3-BF4B-00C04F79EFBC}") = "ders_8_Metotlar", "ders_8_Metotlar\ders_8_Metotlar.csproj", "{36DDACF5-8B86-4EA0-94F5-9D2A1B0E3108}"
EndProject
Project("{FAE04EC0-301F-11D3-BF4B-00C04F79EFBC}") = "DERS9_VERİTANANIİSLEMLERİ", "DERS9_VERİTANANIİSLEMLERİ\DERS9_VERİTANANIİSLEMLERİ.csproj", "{7389E0FC-FB2E-4715-B804-6E8B5AD2DF9E}"
EndProject
Project("{FAE04EC0-301F-11D3-BF4B-00C04F79EFBC}") = "DERS_10_VERİTABANİ_İŞLEMLERİ_CRUD", "DERS_10_VERİTANİ_İŞLEMLERİ_CRUD\DERS_10_VERİTABANİ_İŞLEMLERİ_CRUD.csproj", "{674BC1CB-E8A1-4B5F-93F3-F7E137F96D81}"
EndProject
Global
	GlobalSection(SolutionConfigurationPlatforms) = preSolution
		Debug|Any CPU = Debug|Any CPU
		Release|Any CPU = Release|Any CPU
	EndGlobalSection
	GlobalSection(ProjectConfigurationPlatforms) = postSolution
		{48DFB0A2-FBA8-4008-A1EB-04C7FBA6BF6B}.Debug|Any CPU.ActiveCfg = Debug|Any CPU
		{48DFB0A2-FBA8-4008-A1EB-04C7FBA6BF6B}.Debug|Any CPU.Build.0 = Debug|Any CPU
		{48DFB0A2-FBA8-4008-A1EB-04C7FBA6BF6B}.Release|Any CPU.ActiveCfg = Release|Any CPU
		{48DFB0A2-FBA8-4008-A1EB-04C7FBA6BF6B}.Release|Any CPU.Build.0 = Release|Any CPU
		{3FCFBE36-FBAD-4F76-AAF1-2E8268471140}.Debug|Any CPU.ActiveCfg = Debug|Any CPU
		{3FCFBE36-FBAD-4F76-AAF1-2E8268471140}.Debug|Any CPU.Build.0 = Debug|Any CPU
		{3FCFBE36-FBAD-4F76-AAF1-2E8268471140}.Release|Any CPU.ActiveCfg = Release|Any CPU
		{3FCFBE36-FBAD-4F76-AAF1-2E8268471140}.Release|Any CPU.Build.0 = Release|Any CPU
		{694612B7-4BB0-4813-9201-553630BB7C00}.Debug|Any CPU.ActiveCfg = Debug|Any CPU
		{694612B7-4BB0-4813-9201-553630BB7C00}.Debug|Any CPU.Build.0 = Debug|Any CPU
		{694612B7-4BB0-4813-9201-553630BB7C00}.Release|Any CPU.ActiveCfg = Release|Any CPU
		{694612B7-4BB0-4813-9201-553630BB7C00}.Release|Any CPU.Build.0 = Release|Any CPU
		{92319F0D-BA4D-468C-9147-EDD007E328EC}.Debug|Any CPU.ActiveCfg = Debug|Any CPU
		{92319F0D-BA4D-468C-9147-EDD007E328EC}.Debug|Any CPU.Build.0 = Debug|Any CPU
		{92319F0D-BA4D-468C-9147-EDD007E328EC}.Release|Any CPU.ActiveCfg = Release|Any CPU
		{92319F0D-BA4D-468C-9147-EDD007E328EC}.Release|Any CPU.Build.0 = Release|Any CPU
		{B45B818F-C0D8-4FC1-BAB7-E7D1027F3EE4}.Debug|Any CPU.ActiveCfg = Debug|Any CPU
		{B45B818F-C0D8-4FC1-BAB7-E7D1027F3EE4}.Debug|Any CPU.Build.0 = Debug|Any CPU
		{B45B818F-C0D8-4FC1-BAB7-E7D1027F3EE4}.Release|Any CPU.ActiveCfg = Release|Any CPU
		{B45B818F-C0D8-4FC1-BAB7-E7D1027F3EE4}.Release|Any CPU.Build.0 = Release|Any CPU
		{EBDF4F1D-DD57-4FF6-9E3F-E4244864254C}.Debug|Any CPU.ActiveCfg = Debug|Any CPU
		{EBDF4F1D-DD57-4FF6-9E3F-E4244864254C}.Debug|Any CPU.Build.0 = Debug|Any CPU
		{EBDF4F1D-DD57-4FF6-9E3F-E4244864254C}.Release|Any CPU.ActiveCfg = Release|Any CPU
		{EBDF4F1D-DD57-4FF6-9E3F-E4244864254C}.Release|Any CPU.Build.0 = Release|Any CPU
		{68787B96-3745-4FF0-B75A-A8F5BB7BAD2A}.Debug|Any CPU.ActiveCfg = Debug|Any CPU
		{68787B96-3745-4FF0-B75A-A8F5BB7BAD2A}.Debug|Any CPU.Build.0 = Debug|Any CPU
		{68787B96-3745-4FF0-B75A-A8F5BB7BAD2A}.Release|Any CPU.ActiveCfg = Release|Any CPU
		{68787B96-3745-4FF0-B75A-A8F5BB7BAD2A}.Release|Any CPU.Build.0 = Release|Any CPU
		{36DDACF5-8B86-4EA0-94F5-9D2A1B0E3108}.Debug|Any CPU.ActiveCfg = Debug|Any CPU
		{36DDACF5-8B86-4EA0-94F5-9D2A1B0E3108}.Debug|Any CPU.Build.0 = Debug|Any CPU
		{36DDACF5-8B86-4EA0-94F5-9D2A1B0E3108}.Release|Any CPU.ActiveCfg = Release|Any CPU
		{36DDACF5-8B86-4EA0-94F5-9D2A1B0E3108}.Release|Any CPU.Build.0 = Release|Any CPU
		{7389E0FC-FB2E-4715-B804-6E8B5AD2DF9E}.Debug|Any CPU.ActiveCfg = Debug|Any CPU
		{7389E0FC-FB2E-4715-B804-6E8B5AD2DF9E}.Debug|Any CPU.Build.0 = Debug|Any CPU
		{7389E0FC-FB2E-4715-B804-6E8B5AD2DF9E}.Release|Any CPU.ActiveCfg = Release|Any CPU
		{7389E0FC-FB2E-4715-B804-6E8B5AD2DF9E}.Release|Any CPU.Build.0 = Release|Any CPU
		{674BC1CB-E8A1-4B5F-93F3-F7E137F96D81}.Debug|Any CPU.ActiveCfg = Debug|Any CPU
		{674BC1CB-E8A1-4B5F-93F3-F7E137F96D81}.Debug|Any CPU.Build.0 = Debug|Any CPU
		{674BC1CB-E8A1-4B5F-93F3-F7E137F96D81}.Release|Any CPU.ActiveCfg = Release|Any CPU
		{674BC1CB-E8A1-4B5F-93F3-F7E137F96D81}.Release|Any CPU.Build.0 = Release|Any CPU
	EndGlobalSection
	GlobalSection(SolutionProperties) = preSolution
		HideSolutionNode = FALSE
	EndGlobalSection
	GlobalSection(ExtensibilityGlobals) = postSolution
		SolutionGuid = {B83CC79F-49BF-4AC4-98CB-E73993E676D3}
	EndGlobalSection
EndGlobal
